github.com/a-h/templ v0.3.857 h1:6EqcJuGZW4OL+2iZ3MD+NnIcG7nGkaQeF2Zq5kf9ZGg=
github.com/a-h/templ v0.3.857/go.mod h1:qhrhAkRFubE7khxLZHsBFHfX+gWwVNKbzKeF9GlPV4M=
github.com/gorilla/websocket v1.5.3 h1:saDtZ6Pbx/0u+bgYQ3q96pZgCzfhKXGPqt7kZ72aNNg=
github.com/gorilla/websocket v1.5.3/go.mod h1:YR8l580nyteQvAITg2hZ9XVh4b55+EU/adAjf1fMHhE=
github.com/tronikelis/maruchi v0.4.1-0.20250401102639-767de9c20a42 h1:KM4a+hQ2pgDxw5p8/PYQ1FISiMsb+pXPOTdXf9LEG/k=
github.com/tronikelis/maruchi v0.4.1-0.20250401102639-767de9c20a42/go.mod h1:M6iQIrltjeyVp4TkRQsppnTWrdeyqFPYL1olYoZ+4ZQ=
